<?xml version="1.0" encoding="utf-8"?>
<Project ToolsVersion="4.0" xmlns="http://schemas.microsoft.com/developer/msbuild/2003">
  <ItemGroup>
    <Filter Include="Source Files">
      <UniqueIdentifier>{4FC737F1-C7A5-4376-A066-2A32D752A2FF}</UniqueIdentifier>
      <Extensions>cpp;c;cc;cxx;c++;cppm;ixx;def;odl;idl;hpj;bat;asm;asmx</Extensions>
    </Filter>
    <Filter Include="Header Files">
      <UniqueIdentifier>{93995380-89BD-4b04-88EB-625FBE52EBFB}</UniqueIdentifier>
      <Extensions>h;hh;hpp;hxx;h++;hm;inl;inc;ipp;xsd</Extensions>
    </Filter>
    <Filter Include="Resource Files">
      <UniqueIdentifier>{67DA6AB6-F800-4c08-8B7A-83BB121AAD01}</UniqueIdentifier>
      <Extensions>rc;ico;cur;bmp;dlg;rc2;rct;bin;rgs;gif;jpg;jpeg;jpe;resx;tiff;tif;png;wav;mfcribbon-ms</Extensions>
    </Filter>
    <Filter Include="3D">
      <UniqueIdentifier>{f701d6ee-523d-49e2-afe4-fe5d544c4092}</UniqueIdentifier>
    </Filter>
    <Filter Include="3D\Shaders">
      <UniqueIdentifier>{a0fca5d7-67a4-4160-8b1a-28941f450c65}</UniqueIdentifier>
    </Filter>
    <Filter Include="UIComponents">
      <UniqueIdentifier>{d38e76c1-9462-42c5-be62-f48d8d3e3d77}</UniqueIdentifier>
    </Filter>
  </ItemGroup>
  <ItemGroup>
    <ClCompile Include="Window.cpp">
      <Filter>Source Files</Filter>
    </ClCompile>
    <ClCompile Include="Kokodai.cpp">
      <Filter>Source Files</Filter>
    </ClCompile>
    <ClCompile Include="Canvas3D.cpp">
      <Filter>Source Files</Filter>
    </ClCompile>
    <ClCompile Include="KokodaiManager.cpp">
      <Filter>Source Files</Filter>
    </ClCompile>
  </ItemGroup>
  <ItemGroup>
    <ClInclude Include="Window.h">
      <Filter>Header Files</Filter>
    </ClInclude>
    <ClInclude Include="WindowComponent.h">
      <Filter>UIComponents</Filter>
    </ClInclude>
    <ClInclude Include="RangeButton.h">
      <Filter>UIComponents</Filter>
    </ClInclude>
    <ClInclude Include="Label.h">
      <Filter>UIComponents</Filter>
    </ClInclude>
    <ClInclude Include="DropDownSelect.h">
      <Filter>UIComponents</Filter>
    </ClInclude>
    <ClInclude Include="Object.h">
      <Filter>3D</Filter>
    </ClInclude>
    <ClInclude Include="Canvas3D.h">
      <Filter>3D</Filter>
    </ClInclude>
    <ClInclude Include="Cube.h">
      <Filter>3D</Filter>
    </ClInclude>
    <ClInclude Include="KokodaiManager.h">
      <Filter>Header Files</Filter>
    </ClInclude>
  </ItemGroup>
  <ItemGroup>
    <FxCompile Include="PixelShader.hlsl">
      <Filter>3D\Shaders</Filter>
    </FxCompile>
    <FxCompile Include="VertexShader.hlsl">
      <Filter>3D\Shaders</Filter>
    </FxCompile>
  </ItemGroup>
</Project>